
Microsoft Visual Studio Solution File, Format Version 12.00
# Visual Studio Version 17
VisualStudioVersion = 17.7.34202.233
MinimumVisualStudioVersion = 10.0.40219.1
Project("{FAE04EC0-301F-11D3-BF4B-00C04F79EFBC}") = "Clinic Registration and Management System", "Clinic Registration and Management System\Clinic Registration and Management System.csproj", "{90A586D3-556F-46C0-9B1C-426BBF62A99A}"
EndProject
Global
	GlobalSection(SolutionConfigurationPlatforms) = preSolution
		Debug|Any CPU = Debug|Any CPU
		Release|Any CPU = Release|Any CPU
	EndGlobalSection
	GlobalSection(ProjectConfigurationPlatforms) = postSolution
		{90A586D3-556F-46C0-9B1C-426BBF62A99A}.Debug|Any CPU.ActiveCfg = Debug|Any CPU
		{90A586D3-556F-46C0-9B1C-426BBF62A99A}.Debug|Any CPU.Build.0 = Debug|Any CPU
		{90A586D3-556F-46C0-9B1C-426BBF62A99A}.Release|Any CPU.ActiveCfg = Release|Any CPU
		{90A586D3-556F-46C0-9B1C-426BBF62A99A}.Release|Any CPU.Build.0 = Release|Any CPU
	EndGlobalSection
	GlobalSection(SolutionProperties) = preSolution
		HideSolutionNode = FALSE
	EndGlobalSection
	GlobalSection(ExtensibilityGlobals) = postSolution
		SolutionGuid = {33B759EE-4572-4771-8F93-5D4CD998010B}
	EndGlobalSection
EndGlobal
